
Microsoft Visual Studio Solution File, Format Version 12.00
# Visual Studio Version 16
VisualStudioVersion = 16.0.32106.194
MinimumVisualStudioVersion = 10.0.40219.1
Project("{FAE04EC0-301F-11D3-BF4B-00C04F79EFBC}") = "PersonalityTest", "PersonalityTest\PersonalityTest.csproj", "{D603EF51-D2F6-4F82-A92D-F26A162D0466}"
EndProject
Project("{FAE04EC0-301F-11D3-BF4B-00C04F79EFBC}") = "PersonalityTestSwitch", "PersonalityTestSwitch\PersonalityTestSwitch.csproj", "{0DFDD691-94FF-4FA7-871C-BEDF84BF533F}"
EndProject
Project("{FAE04EC0-301F-11D3-BF4B-00C04F79EFBC}") = "GradingIF", "GradingIF\GradingIF.csproj", "{4585EE8A-7852-4999-A2B9-7CF7680256AF}"
EndProject
Project("{FAE04EC0-301F-11D3-BF4B-00C04F79EFBC}") = "GradingSwitch", "GradingSwitch\GradingSwitch.csproj", "{F23AAAA9-A880-443D-9E23-C152FB28683C}"
EndProject
Project("{FAE04EC0-301F-11D3-BF4B-00C04F79EFBC}") = "CatsAndDogs", "CatsAndDogs\CatsAndDogs.csproj", "{B13C2BF0-AAE5-4219-B6A7-DF5D487DC8C4}"
EndProject
Global
	GlobalSection(SolutionConfigurationPlatforms) = preSolution
		Debug|Any CPU = Debug|Any CPU
		Release|Any CPU = Release|Any CPU
	EndGlobalSection
	GlobalSection(ProjectConfigurationPlatforms) = postSolution
		{D603EF51-D2F6-4F82-A92D-F26A162D0466}.Debug|Any CPU.ActiveCfg = Debug|Any CPU
		{D603EF51-D2F6-4F82-A92D-F26A162D0466}.Debug|Any CPU.Build.0 = Debug|Any CPU
		{D603EF51-D2F6-4F82-A92D-F26A162D0466}.Release|Any CPU.ActiveCfg = Release|Any CPU
		{D603EF51-D2F6-4F82-A92D-F26A162D0466}.Release|Any CPU.Build.0 = Release|Any CPU
		{0DFDD691-94FF-4FA7-871C-BEDF84BF533F}.Debug|Any CPU.ActiveCfg = Debug|Any CPU
		{0DFDD691-94FF-4FA7-871C-BEDF84BF533F}.Debug|Any CPU.Build.0 = Debug|Any CPU
		{0DFDD691-94FF-4FA7-871C-BEDF84BF533F}.Release|Any CPU.ActiveCfg = Release|Any CPU
		{0DFDD691-94FF-4FA7-871C-BEDF84BF533F}.Release|Any CPU.Build.0 = Release|Any CPU
		{4585EE8A-7852-4999-A2B9-7CF7680256AF}.Debug|Any CPU.ActiveCfg = Debug|Any CPU
		{4585EE8A-7852-4999-A2B9-7CF7680256AF}.Debug|Any CPU.Build.0 = Debug|Any CPU
		{4585EE8A-7852-4999-A2B9-7CF7680256AF}.Release|Any CPU.ActiveCfg = Release|Any CPU
		{4585EE8A-7852-4999-A2B9-7CF7680256AF}.Release|Any CPU.Build.0 = Release|Any CPU
		{F23AAAA9-A880-443D-9E23-C152FB28683C}.Debug|Any CPU.ActiveCfg = Debug|Any CPU
		{F23AAAA9-A880-443D-9E23-C152FB28683C}.Debug|Any CPU.Build.0 = Debug|Any CPU
		{F23AAAA9-A880-443D-9E23-C152FB28683C}.Release|Any CPU.ActiveCfg = Release|Any CPU
		{F23AAAA9-A880-443D-9E23-C152FB28683C}.Release|Any CPU.Build.0 = Release|Any CPU
		{B13C2BF0-AAE5-4219-B6A7-DF5D487DC8C4}.Debug|Any CPU.ActiveCfg = Debug|Any CPU
		{B13C2BF0-AAE5-4219-B6A7-DF5D487DC8C4}.Debug|Any CPU.Build.0 = Debug|Any CPU
		{B13C2BF0-AAE5-4219-B6A7-DF5D487DC8C4}.Release|Any CPU.ActiveCfg = Release|Any CPU
		{B13C2BF0-AAE5-4219-B6A7-DF5D487DC8C4}.Release|Any CPU.Build.0 = Release|Any CPU
	EndGlobalSection
	GlobalSection(SolutionProperties) = preSolution
		HideSolutionNode = FALSE
	EndGlobalSection
	GlobalSection(ExtensibilityGlobals) = postSolution
		SolutionGuid = {D3E0F61C-2EE2-4246-AB6E-8B40936184A1}
	EndGlobalSection
EndGlobal
